// !$*UTF8*$!
{
	archiveVersion = 1;
	classes = {
	};
	objectVersion = 46;
	objects = {

/* Begin PBXBuildFile section */
		89608A471B9ABF1E00C910B1 /* main.m in Sources */ = {isa = PBXBuildFile; fileRef = 89608A461B9ABF1E00C910B1 /* main.m */; };
		89608A4A1B9ABF1E00C910B1 /* AppDelegate.m in Sources */ = {isa = PBXBuildFile; fileRef = 89608A491B9ABF1E00C910B1 /* AppDelegate.m */; };
		89608A4D1B9ABF1E00C910B1 /* ViewController.m in Sources */ = {isa = PBXBuildFile; fileRef = 89608A4C1B9ABF1E00C910B1 /* ViewController.m */; };
		89608A501B9ABF1E00C910B1 /* Main.storyboard in Resources */ = {isa = PBXBuildFile; fileRef = 89608A4E1B9ABF1E00C910B1 /* Main.storyboard */; };
		89608A521B9ABF1E00C910B1 /* Images.xcassets in Resources */ = {isa = PBXBuildFile; fileRef = 89608A511B9ABF1E00C910B1 /* Images.xcassets */; };
		89608A551B9ABF1E00C910B1 /* LaunchScreen.xib in Resources */ = {isa = PBXBuildFile; fileRef = 89608A531B9ABF1E00C910B1 /* LaunchScreen.xib */; };
		89608A611B9ABF1E00C910B1 /* WYMTHDTests.m in Sources */ = {isa = PBXBuildFile; fileRef = 89608A601B9ABF1E00C910B1 /* WYMTHDTests.m */; };
/* End PBXBuildFile section */

/* Begin PBXContainerItemProxy section */
		89608A5B1B9ABF1E00C910B1 /* PBXContainerItemProxy */ = {
			isa = PBXContainerItemProxy;
			containerPortal = 89608A391B9ABF1E00C910B1 /* Project object */;
			proxyType = 1;
			remoteGlobalIDString = 89608A401B9ABF1E00C910B1;
			remoteInfo = WYMTHD;
		};
/* End PBXContainerItemProxy section */

/* Begin PBXFileReference section */
		89608A411B9ABF1E00C910B1 /* WYMTHD.app */ = {isa = PBXFileReference; explicitFileType = wrapper.application; includeInIndex = 0; path = WYMTHD.app; sourceTree = BUILT_PRODUCTS_DIR; };
		89608A451B9ABF1E00C910B1 /* Info.plist */ = {isa = PBXFileReference; lastKnownFileType = text.plist.xml; path = Info.plist; sourceTree = "<group>"; };
		89608A461B9ABF1E00C910B1 /* main.m */ = {isa = PBXFileReference; lastKnownFileType = sourcecode.c.objc; path = main.m; sourceTree = "<group>"; };
		89608A481B9ABF1E00C910B1 /* AppDelegate.h */ = {isa = PBXFileReference; lastKnownFileType = sourcecode.c.h; path = AppDelegate.h; sourceTree = "<group>"; };
		89608A491B9ABF1E00C910B1 /* AppDelegate.m */ = {isa = PBXFileReference; lastKnownFileType = sourcecode.c.objc; path = AppDelegate.m; sourceTree = "<group>"; };
		89608A4B1B9ABF1E00C910B1 /* ViewController.h */ = {isa = PBXFileReference; lastKnownFileType = sourcecode.c.h; path = ViewController.h; sourceTree = "<group>"; };
		89608A4C1B9ABF1E00C910B1 /* ViewController.m */ = {isa = PBXFileReference; lastKnownFileType = sourcecode.c.objc; path = ViewController.m; sourceTree = "<group>"; };
		89608A4F1B9ABF1E00C910B1 /* Base */ = {isa = PBXFileReference; lastKnownFileType = file.storyboard; name = Base; path = Base.lproj/Main.storyboard; sourceTree = "<group>"; };
		89608A511B9ABF1E00C910B1 /* Images.xcassets */ = {isa = PBXFileReference; lastKnownFileType = folder.assetcatalog; path = Images.xcassets; sourceTree = "<group>"; };
		89608A541B9ABF1E00C910B1 /* Base */ = {isa = PBXFileReference; lastKnownFileType = file.xib; name = Base; path = Base.lproj/LaunchScreen.xib; sourceTree = "<group>"; };
		89608A5A1B9ABF1E00C910B1 /* WYMTHDTests.xctest */ = {isa = PBXFileReference; explicitFileType = wrapper.cfbundle; includeInIndex = 0; path = WYMTHDTests.xctest; sourceTree = BUILT_PRODUCTS_DIR; };
		89608A5F1B9ABF1E00C910B1 /* Info.plist */ = {isa = PBXFileReference; lastKnownFileType = text.plist.xml; path = Info.plist; sourceTree = "<group>"; };
		89608A601B9ABF1E00C910B1 /* WYMTHDTests.m */ = {isa = PBXFileReference; lastKnownFileType = sourcecode.c.objc; path = WYMTHDTests.m; sourceTree = "<group>"; };
/* End PBXFileReference section */

/* Begin PBXFrameworksBuildPhase section */
		89608A3E1B9ABF1E00C910B1 /* Frameworks */ = {
			isa = PBXFrameworksBuildPhase;
			buildActionMask = 2147483647;
			files = (
			);
			runOnlyForDeploymentPostprocessing = 0;
		};
		89608A571B9ABF1E00C910B1 /* Frameworks */ = {
			isa = PBXFrameworksBuildPhase;
			buildActionMask = 2147483647;
			files = (
			);
			runOnlyForDeploymentPostprocessing = 0;
		};
/* End PBXFrameworksBuildPhase section */

/* Begin PBXGroup section */
		89608A381B9ABF1E00C910B1 = {
			isa = PBXGroup;
			children = (
				89608A431B9ABF1E00C910B1 /* WYMTHD */,
				89608A5D1B9ABF1E00C910B1 /* WYMTHDTests */,
				89608A421B9ABF1E00C910B1 /* Products */,
			);
			sourceTree = "<group>";
		};
		89608A421B9ABF1E00C910B1 /* Products */ = {
			isa = PBXGroup;
			children = (
				89608A411B9ABF1E00C910B1 /* WYMTHD.app */,
				89608A5A1B9ABF1E00C910B1 /* WYMTHDTests.xctest */,
			);
			name = Products;
			sourceTree = "<group>";
		};
		89608A431B9ABF1E00C910B1 /* WYMTHD */ = {
			isa = PBXGroup;
			children = (
				89608A481B9ABF1E00C910B1 /* AppDelegate.h */,
				89608A491B9ABF1E00C910B1 /* AppDelegate.m */,
				89608A4B1B9ABF1E00C910B1 /* ViewController.h */,
				89608A4C1B9ABF1E00C910B1 /* ViewController.m */,
				89608A4E1B9ABF1E00C910B1 /* Main.storyboard */,
				89608A511B9ABF1E00C910B1 /* Images.xcassets */,
				89608A531B9ABF1E00C910B1 /* LaunchScreen.xib */,
				89608A441B9ABF1E00C910B1 /* Supporting Files */,
			);
			path = WYMTHD;
			sourceTree = "<group>";
		};
		89608A441B9ABF1E00C910B1 /* Supporting Files */ = {
			isa = PBXGroup;
			children = (
				89608A451B9ABF1E00C910B1 /* Info.plist */,
				89608A461B9ABF1E00C910B1 /* main.m */,
			);
			name = "Supporting Files";
			sourceTree = "<group>";
		};
		89608A5D1B9ABF1E00C910B1 /* WYMTHDTests */ = {
			isa = PBXGroup;
			children = (
				89608A601B9ABF1E00C910B1 /* WYMTHDTests.m */,
				89608A5E1B9ABF1E00C910B1 /* Supporting Files */,
			);
			path = WYMTHDTests;
			sourceTree = "<group>";
		};
		89608A5E1B9ABF1E00C910B1 /* Supporting Files */ = {
			isa = PBXGroup;
			children = (
				89608A5F1B9ABF1E00C910B1 /* Info.plist */,
			);
			name = "Supporting Files";
			sourceTree = "<group>";
		};
/* End PBXGroup section */

/* Begin PBXNativeTarget section */
		89608A401B9ABF1E00C910B1 /* WYMTHD */ = {
			isa = PBXNativeTarget;
			buildConfigurationList = 89608A641B9ABF1E00C910B1 /* Build configuration list for PBXNativeTarget "WYMTHD" */;
			buildPhases = (
				89608A3D1B9ABF1E00C910B1 /* Sources */,
				89608A3E1B9ABF1E00C910B1 /* Frameworks */,
				89608A3F1B9ABF1E00C910B1 /* Resources */,
			);
			buildRules = (
			);
			dependencies = (
			);
			name = WYMTHD;
			productName = WYMTHD;
			productReference = 89608A411B9ABF1E00C910B1 /* WYMTHD.app */;
			productType = "com.apple.product-type.application";
		};
		89608A591B9ABF1E00C910B1 /* WYMTHDTests */ = {
			isa = PBXNativeTarget;
			buildConfigurationList = 89608A671B9ABF1E00C910B1 /* Build configuration list for PBXNativeTarget "WYMTHDTests" */;
			buildPhases = (
				89608A561B9ABF1E00C910B1 /* Sources */,
				89608A571B9ABF1E00C910B1 /* Frameworks */,
				89608A581B9ABF1E00C910B1 /* Resources */,
			);
			buildRules = (
			);
			dependencies = (
				89608A5C1B9ABF1E00C910B1 /* PBXTargetDependency */,
			);
			name = WYMTHDTests;
			productName = WYMTHDTests;
			productReference = 89608A5A1B9ABF1E00C910B1 /* WYMTHDTests.xctest */;
			productType = "com.apple.product-type.bundle.unit-test";
		};
/* End PBXNativeTarget section */

/* Begin PBXProject section */
		89608A391B9ABF1E00C910B1 /* Project object */ = {
			isa = PBXProject;
			attributes = {
				LastUpgradeCheck = 0640;
				ORGANIZATIONNAME = wangyue;
				TargetAttributes = {
					89608A401B9ABF1E00C910B1 = {
						CreatedOnToolsVersion = 6.4;
					};
					89608A591B9ABF1E00C910B1 = {
						CreatedOnToolsVersion = 6.4;
						TestTargetID = 89608A401B9ABF1E00C910B1;
					};
				};
			};
			buildConfigurationList = 89608A3C1B9ABF1E00C910B1 /* Build configuration list for PBXProject "WYMTHD" */;
			compatibilityVersion = "Xcode 3.2";
			developmentRegion = English;
			hasScannedForEncodings = 0;
			knownRegions = (
				en,
				Base,
			);
			mainGroup = 89608A381B9ABF1E00C910B1;
			productRefGroup = 89608A421B9ABF1E00C910B1 /* Products */;
			projectDirPath = "";
			projectRoot = "";
			targets = (
				89608A401B9ABF1E00C910B1 /* WYMTHD */,
				89608A591B9ABF1E00C910B1 /* WYMTHDTests */,
			);
		};
/* End PBXProject section */

/* Begin PBXResourcesBuildPhase section */
		89608A3F1B9ABF1E00C910B1 /* Resources */ = {
			isa = PBXResourcesBuildPhase;
			buildActionMask = 2147483647;
			files = (
				89608A501B9ABF1E00C910B1 /* Main.storyboard in Resources */,
				89608A551B9ABF1E00C910B1 /* LaunchScreen.xib in Resources */,
				89608A521B9ABF1E00C910B1 /* Images.xcassets in Resources */,
			);
			runOnlyForDeploymentPostprocessing = 0;
		};
		89608A581B9ABF1E00C910B1 /* Resources */ = {
			isa = PBXResourcesBuildPhase;
			buildActionMask = 2147483647;
			files = (
			);
			runOnlyForDeploymentPostprocessing = 0;
		};
/* End PBXResourcesBuildPhase section */

/* Begin PBXSourcesBuildPhase section */
		89608A3D1B9ABF1E00C910B1 /* Sources */ = {
			isa = PBXSourcesBuildPhase;
			buildActionMask = 2147483647;
			files = (
				89608A4D1B9ABF1E00C910B1 /* ViewController.m in Sources */,
				89608A4A1B9ABF1E00C910B1 /* AppDelegate.m in Sources */,
				89608A471B9ABF1E00C910B1 /* main.m in Sources */,
			);
			runOnlyForDeploymentPostprocessing = 0;
		};
		89608A561B9ABF1E00C910B1 /* Sources */ = {
			isa = PBXSourcesBuildPhase;
			buildActionMask = 2147483647;
			files = (
				89608A611B9ABF1E00C910B1 /* WYMTHDTests.m in Sources */,
			);
			runOnlyForDeploymentPostprocessing = 0;
		};
/* End PBXSourcesBuildPhase section */

/* Begin PBXTargetDependency section */
		89608A5C1B9ABF1E00C910B1 /* PBXTargetDependency */ = {
			isa = PBXTargetDependency;
			target = 89608A401B9ABF1E00C910B1 /* WYMTHD */;
			targetProxy = 89608A5B1B9ABF1E00C910B1 /* PBXContainerItemProxy */;
		};
/* End PBXTargetDependency section */

/* Begin PBXVariantGroup section */
		89608A4E1B9ABF1E00C910B1 /* Main.storyboard */ = {
			isa = PBXVariantGroup;
			children = (
				89608A4F1B9ABF1E00C910B1 /* Base */,
			);
			name = Main.storyboard;
			sourceTree = "<group>";
		};
		89608A531B9ABF1E00C910B1 /* LaunchScreen.xib */ = {
			isa = PBXVariantGroup;
			children = (
				89608A541B9ABF1E00C910B1 /* Base */,
			);
			name = LaunchScreen.xib;
			sourceTree = "<group>";
		};
/* End PBXVariantGroup section */

/* Begin XCBuildConfiguration section */
		89608A621B9ABF1E00C910B1 /* Debug */ = {
			isa = XCBuildConfiguration;
			buildSettings = {
				ALWAYS_SEARCH_USER_PATHS = NO;
				CLANG_CXX_LANGUAGE_STANDARD = "gnu++0x";
				CLANG_CXX_LIBRARY = "libc++";
				CLANG_ENABLE_MODULES = YES;
				CLANG_ENABLE_OBJC_ARC = YES;
				CLANG_WARN_BOOL_CONVERSION = YES;
				CLANG_WARN_CONSTANT_CONVERSION = YES;
				CLANG_WARN_DIRECT_OBJC_ISA_USAGE = YES_ERROR;
				CLANG_WARN_EMPTY_BODY = YES;
				CLANG_WARN_ENUM_CONVERSION = YES;
				CLANG_WARN_INT_CONVERSION = YES;
				CLANG_WARN_OBJC_ROOT_CLASS = YES_ERROR;
				CLANG_WARN_UNREACHABLE_CODE = YES;
				CLANG_WARN__DUPLICATE_METHOD_MATCH = YES;
				"CODE_SIGN_IDENTITY[sdk=iphoneos*]" = "iPhone Developer";
				COPY_PHASE_STRIP = NO;
				DEBUG_INFORMATION_FORMAT = "dwarf-with-dsym";
				ENABLE_STRICT_OBJC_MSGSEND = YES;
				GCC_C_LANGUAGE_STANDARD = gnu99;
				GCC_DYNAMIC_NO_PIC = NO;
				GCC_NO_COMMON_BLOCKS = YES;
				GCC_OPTIMIZATION_LEVEL = 0;
				GCC_PREPROCESSOR_DEFINITIONS = (
					"DEBUG=1",
					"$(inherited)",
				);
				GCC_SYMBOLS_PRIVATE_EXTERN = NO;
				GCC_WARN_64_TO_32_BIT_CONVERSION = YES;
				GCC_WARN_ABOUT_RETURN_TYPE = YES_ERROR;
				GCC_WARN_UNDECLARED_SELECTOR = YES;
				GCC_WARN_UNINITIALIZED_AUTOS = YES_AGGRESSIVE;
				GCC_WARN_UNUSED_FUNCTION = YES;
				GCC_WARN_UNUSED_VARIABLE = YES;
				IPHONEOS_DEPLOYMENT_TARGET = 8.4;
				MTL_ENABLE_DEBUG_INFO = YES;
				ONLY_ACTIVE_ARCH = YES;
				SDKROOT = iphoneos;
				TARGETED_DEVICE_FAMILY = 2;
			};
			name = Debug;
		};
		89608A631B9ABF1E00C910B1 /* Release */ = {
			isa = XCBuildConfiguration;
			buildSettings = {
				ALWAYS_SEARCH_USER_PATHS = NO;
				CLANG_CXX_LANGUAGE_STANDARD = "gnu++0x";
				CLANG_CXX_LIBRARY = "libc++";
				CLANG_ENABLE_MODULES = YES;
				CLANG_ENABLE_OBJC_ARC = YES;
				CLANG_WARN_BOOL_CONVERSION = YES;
				CLANG_WARN_CONSTANT_CONVERSION = YES;
				CLANG_WARN_DIRECT_OBJC_ISA_USAGE = YES_ERROR;
				CLANG_WARN_EMPTY_BODY = YES;
				CLANG_WARN_ENUM_CONVERSION = YES;
				CLANG_WARN_INT_CONVERSION = YES;
				CLANG_WARN_OBJC_ROOT_CLASS = YES_ERROR;
				CLANG_WARN_UNREACHABLE_CODE = YES;
				CLANG_WARN__DUPLICATE_METHOD_MATCH = YES;
				"CODE_SIGN_IDENTITY[sdk=iphoneos*]" = "iPhone Developer";
				COPY_PHASE_STRIP = NO;
				DEBUG_INFORMATION_FORMAT = "dwarf-with-dsym";
				ENABLE_NS_ASSERTIONS = NO;
				ENABLE_STRICT_OBJC_MSGSEND = YES;
				GCC_C_LANGUAGE_STANDARD = gnu99;
				GCC_NO_COMMON_BLOCKS = YES;
				GCC_WARN_64_TO_32_BIT_CONVERSION = YES;
				GCC_WARN_ABOUT_RETURN_TYPE = YES_ERROR;
				GCC_WARN_UNDECLARED_SELECTOR = YES;
				GCC_WARN_UNINITIALIZED_AUTOS = YES_AGGRESSIVE;
				GCC_WARN_UNUSED_FUNCTION = YES;
				GCC_WARN_UNUSED_VARIABLE = YES;
				IPHONEOS_DEPLOYMENT_TARGET = 8.4;
				MTL_ENABLE_DEBUG_INFO = NO;
				SDKROOT = iphoneos;
				TARGETED_DEVICE_FAMILY = 2;
				VALIDATE_PRODUCT = YES;
			};
			name = Release;
		};
		89608A651B9ABF1E00C910B1 /* Debug */ = {
			isa = XCBuildConfiguration;
			buildSettings = {
				ASSETCATALOG_COMPILER_APPICON_NAME = AppIcon;
				INFOPLIST_FILE = WYMTHD/Info.plist;
				LD_RUNPATH_SEARCH_PATHS = "$(inherited) @executable_path/Frameworks";
				PRODUCT_NAME = "$(TARGET_NAME)";
			};
			name = Debug;
		};
		89608A661B9ABF1E00C910B1 /* Release */ = {
			isa = XCBuildConfiguration;
			buildSettings = {
				ASSETCATALOG_COMPILER_APPICON_NAME = AppIcon;
				INFOPLIST_FILE = WYMTHD/Info.plist;
				LD_RUNPATH_SEARCH_PATHS = "$(inherited) @executable_path/Frameworks";
				PRODUCT_NAME = "$(TARGET_NAME)";
			};
			name = Release;
		};
		89608A681B9ABF1E00C910B1 /* Debug */ = {
			isa = XCBuildConfiguration;
			buildSettings = {
				BUNDLE_LOADER = "$(TEST_HOST)";
				FRAMEWORK_SEARCH_PATHS = (
					"$(SDKROOT)/Developer/Library/Frameworks",
					"$(inherited)",
				);
				GCC_PREPROCESSOR_DEFINITIONS = (
					"DEBUG=1",
					"$(inherited)",
				);
				INFOPLIST_FILE = WYMTHDTests/Info.plist;
				LD_RUNPATH_SEARCH_PATHS = "$(inherited) @executable_path/Frameworks @loader_path/Frameworks";
				PRODUCT_NAME = "$(TARGET_NAME)";
				TEST_HOST = "$(BUILT_PRODUCTS_DIR)/WYMTHD.app/WYMTHD";
			};
			name = Debug;
		};
		89608A691B9ABF1E00C910B1 /* Release */ = {
			isa = XCBuildConfiguration;
			buildSettings = {
				BUNDLE_LOADER = "$(TEST_HOST)";
				FRAMEWORK_SEARCH_PATHS = (
					"$(SDKROOT)/Developer/Library/Frameworks",
					"$(inherited)",
				);
				INFOPLIST_FILE = WYMTHDTests/Info.plist;
				LD_RUNPATH_SEARCH_PATHS = "$(inherited) @executable_path/Frameworks @loader_path/Frameworks";
				PRODUCT_NAME = "$(TARGET_NAME)";
				TEST_HOST = "$(BUILT_PRODUCTS_DIR)/WYMTHD.app/WYMTHD";
			};
			name = Release;
		};
/* End XCBuildConfiguration section */

/* Begin XCConfigurationList section */
		89608A3C1B9ABF1E00C910B1 /* Build configuration list for PBXProject "WYMTHD" */ = {
			isa = XCConfigurationList;
			buildConfigurations = (
				89608A621B9ABF1E00C910B1 /* Debug */,
				89608A631B9ABF1E00C910B1 /* Release */,
			);
			defaultConfigurationIsVisible = 0;
			defaultConfigurationName = Release;
		};
		89608A641B9ABF1E00C910B1 /* Build configuration list for PBXNativeTarget "WYMTHD" */ = {
			isa = XCConfigurationList;
			buildConfigurations = (
				89608A651B9ABF1E00C910B1 /* Debug */,
				89608A661B9ABF1E00C910B1 /* Release */,
			);
			defaultConfigurationIsVisible = 0;
		};
		89608A671B9ABF1E00C910B1 /* Build configuration list for PBXNativeTarget "WYMTHDTests" */ = {
			isa = XCConfigurationList;
			buildConfigurations = (
				89608A681B9ABF1E00C910B1 /* Debug */,
				89608A691B9ABF1E00C910B1 /* Release */,
			);
			defaultConfigurationIsVisible = 0;
		};
/* End XCConfigurationList section */
	};
	rootObject = 89608A391B9ABF1E00C910B1 /* Project object */;
}
